{
  "name": "rw-elements-core-pack",
  "version": "1.0.0",
  "lockfileVersion": 3,
  "requires": true,
  "packages": {
    "": {
      "name": "rw-elements-core-pack",
      "version": "1.0.0",
      "license": "ISC",
      "dependencies": {
        "rw-elements-tools": "file:../RWElementsPacksTools"
      }
    },
    "../RWElementsPacksTools": {
      "name": "rw-elements-tools",
      "version": "1.5.0",
      "license": "MIT",
      "dependencies": {
        "esbuild": "^0.21.5",
        "glob": "^10.3.12",
        "lodash": "^4.17.21"
      },
      "bin": {
        "rw-build": "bin/cli.js"
      },
      "engines": {
        "node": ">=16.0.0"
      }
    },
    "node_modules/rw-elements-tools": {
      "resolved": "../RWElementsPacksTools",
      "link": true
    }
  }
}
